
Microsoft Visual Studio Solution File, Format Version 12.00
# Visual Studio Version 17
VisualStudioVersion = 17.5.002.0
MinimumVisualStudioVersion = 10.0.40219.1
Project("{9A19103F-16F7-4668-BE54-9A1E7A4F7556}") = "HospedagemHotel", "HospedagemHotel.csproj", "{3D813709-767F-4D56-ADC7-5F81B13C8500}"
EndProject
Global
	GlobalSection(SolutionConfigurationPlatforms) = preSolution
		Debug|Any CPU = Debug|Any CPU
		Release|Any CPU = Release|Any CPU
	EndGlobalSection
	GlobalSection(ProjectConfigurationPlatforms) = postSolution
		{3D813709-767F-4D56-ADC7-5F81B13C8500}.Debug|Any CPU.ActiveCfg = Debug|Any CPU
		{3D813709-767F-4D56-ADC7-5F81B13C8500}.Debug|Any CPU.Build.0 = Debug|Any CPU
		{3D813709-767F-4D56-ADC7-5F81B13C8500}.Release|Any CPU.ActiveCfg = Release|Any CPU
		{3D813709-767F-4D56-ADC7-5F81B13C8500}.Release|Any CPU.Build.0 = Release|Any CPU
	EndGlobalSection
	GlobalSection(SolutionProperties) = preSolution
		HideSolutionNode = FALSE
	EndGlobalSection
	GlobalSection(ExtensibilityGlobals) = postSolution
		SolutionGuid = {352C0A20-4B89-4D47-B6B6-F2486959745F}
	EndGlobalSection
EndGlobal
